// !$*UTF8*$!
{
	archiveVersion = 1;
	classes = {
	};
	objectVersion = 48;
	objects = {

/* Begin PBXBuildFile section */
		C94B85851F8EDA6700DF2B34 /* AppDelegate.swift in Sources */ = {isa = PBXBuildFile; fileRef = C94B85841F8EDA6700DF2B34 /* AppDelegate.swift */; };
		C94B858C1F8EDA6700DF2B34 /* Assets.xcassets in Resources */ = {isa = PBXBuildFile; fileRef = C94B858B1F8EDA6700DF2B34 /* Assets.xcassets */; };
		C94B858F1F8EDA6700DF2B34 /* LaunchScreen.storyboard in Resources */ = {isa = PBXBuildFile; fileRef = C94B858D1F8EDA6700DF2B34 /* LaunchScreen.storyboard */; };
		C94B85A91F8EDB5F00DF2B34 /* LoginViewController.swift in Sources */ = {isa = PBXBuildFile; fileRef = C94B85A81F8EDB5F00DF2B34 /* LoginViewController.swift */; };
		C94B85AB1F8EDB7C00DF2B34 /* RegisterViewController.swift in Sources */ = {isa = PBXBuildFile; fileRef = C94B85AA1F8EDB7C00DF2B34 /* RegisterViewController.swift */; };
		C94B85AD1F8EDC6500DF2B34 /* UserViewController.swift in Sources */ = {isa = PBXBuildFile; fileRef = C94B85AC1F8EDC6500DF2B34 /* UserViewController.swift */; };
		C94B85B01F8EE08F00DF2B34 /* Coordinator.swift in Sources */ = {isa = PBXBuildFile; fileRef = C94B85AF1F8EE08F00DF2B34 /* Coordinator.swift */; };
		C94B85B21F8EE0D400DF2B34 /* AppCoordinator.swift in Sources */ = {isa = PBXBuildFile; fileRef = C94B85B11F8EE0D400DF2B34 /* AppCoordinator.swift */; };
		C94B85B41F8EE1AA00DF2B34 /* LoginCoordinator.swift in Sources */ = {isa = PBXBuildFile; fileRef = C94B85B31F8EE1AA00DF2B34 /* LoginCoordinator.swift */; };
		C94B85B71F8EE30500DF2B34 /* LoginViewModel.swift in Sources */ = {isa = PBXBuildFile; fileRef = C94B85B61F8EE30500DF2B34 /* LoginViewModel.swift */; };
		C94B85B91F8EE34500DF2B34 /* LoginViewModelTests.swift in Sources */ = {isa = PBXBuildFile; fileRef = C94B85B81F8EE34500DF2B34 /* LoginViewModelTests.swift */; };
		C94B85BC1F8EE8D900DF2B34 /* UIView+Constraint.swift in Sources */ = {isa = PBXBuildFile; fileRef = C94B85BB1F8EE8D800DF2B34 /* UIView+Constraint.swift */; };
		C999310A1F8F3051002BA6C9 /* RegisterViewModelTests.swift in Sources */ = {isa = PBXBuildFile; fileRef = C99931091F8F3051002BA6C9 /* RegisterViewModelTests.swift */; };
		C999310C1F8F4E70002BA6C9 /* UserCoordinator.swift in Sources */ = {isa = PBXBuildFile; fileRef = C999310B1F8F4E70002BA6C9 /* UserCoordinator.swift */; };
		C999310E1F8F5330002BA6C9 /* UserViewModel.swift in Sources */ = {isa = PBXBuildFile; fileRef = C999310D1F8F5330002BA6C9 /* UserViewModel.swift */; };
		C99931101F8F537D002BA6C9 /* UserViewModelTests.swift in Sources */ = {isa = PBXBuildFile; fileRef = C999310F1F8F537D002BA6C9 /* UserViewModelTests.swift */; };
		C99BD1611F8F5D95001D8110 /* UserDefaults+Subscript.swift in Sources */ = {isa = PBXBuildFile; fileRef = C99BD1601F8F5D95001D8110 /* UserDefaults+Subscript.swift */; };
		C9A4DE5A1F8F046A006C6AE6 /* RegisterCoordinator.swift in Sources */ = {isa = PBXBuildFile; fileRef = C9A4DE591F8F046A006C6AE6 /* RegisterCoordinator.swift */; };
		C9A4DE5C1F8F04FD006C6AE6 /* RegisterViewModel.swift in Sources */ = {isa = PBXBuildFile; fileRef = C9A4DE5B1F8F04FD006C6AE6 /* RegisterViewModel.swift */; };
		C9A4DE5E1F8F06BA006C6AE6 /* User.swift in Sources */ = {isa = PBXBuildFile; fileRef = C9A4DE5D1F8F06BA006C6AE6 /* User.swift */; };
		C9A4DE601F8F0A50006C6AE6 /* UIApplication+TopViewController.swift in Sources */ = {isa = PBXBuildFile; fileRef = C9A4DE5F1F8F0A50006C6AE6 /* UIApplication+TopViewController.swift */; };
		C9B820361F8EF59B00AFA69A /* UIViewController+Keyboard.swift in Sources */ = {isa = PBXBuildFile; fileRef = C9B820351F8EF59B00AFA69A /* UIViewController+Keyboard.swift */; };
/* End PBXBuildFile section */

/* Begin PBXContainerItemProxy section */
		C94B85961F8EDA6700DF2B34 /* PBXContainerItemProxy */ = {
			isa = PBXContainerItemProxy;
			containerPortal = C94B85791F8EDA6700DF2B34 /* Project object */;
			proxyType = 1;
			remoteGlobalIDString = C94B85801F8EDA6700DF2B34;
			remoteInfo = LoginDemo;
		};
/* End PBXContainerItemProxy section */

/* Begin PBXFileReference section */
		C94B85811F8EDA6700DF2B34 /* LoginDemo.app */ = {isa = PBXFileReference; explicitFileType = wrapper.application; includeInIndex = 0; path = LoginDemo.app; sourceTree = BUILT_PRODUCTS_DIR; };
		C94B85841F8EDA6700DF2B34 /* AppDelegate.swift */ = {isa = PBXFileReference; lastKnownFileType = sourcecode.swift; path = AppDelegate.swift; sourceTree = "<group>"; };
		C94B858B1F8EDA6700DF2B34 /* Assets.xcassets */ = {isa = PBXFileReference; lastKnownFileType = folder.assetcatalog; path = Assets.xcassets; sourceTree = "<group>"; };
		C94B858E1F8EDA6700DF2B34 /* Base */ = {isa = PBXFileReference; lastKnownFileType = file.storyboard; name = Base; path = Base.lproj/LaunchScreen.storyboard; sourceTree = "<group>"; };
		C94B85901F8EDA6700DF2B34 /* Info.plist */ = {isa = PBXFileReference; lastKnownFileType = text.plist.xml; path = Info.plist; sourceTree = "<group>"; };
		C94B85951F8EDA6700DF2B34 /* LoginDemoTests.xctest */ = {isa = PBXFileReference; explicitFileType = wrapper.cfbundle; includeInIndex = 0; path = LoginDemoTests.xctest; sourceTree = BUILT_PRODUCTS_DIR; };
		C94B859B1F8EDA6700DF2B34 /* Info.plist */ = {isa = PBXFileReference; lastKnownFileType = text.plist.xml; path = Info.plist; sourceTree = "<group>"; };
		C94B85A81F8EDB5F00DF2B34 /* LoginViewController.swift */ = {isa = PBXFileReference; lastKnownFileType = sourcecode.swift; path = LoginViewController.swift; sourceTree = "<group>"; };
		C94B85AA1F8EDB7C00DF2B34 /* RegisterViewController.swift */ = {isa = PBXFileReference; lastKnownFileType = sourcecode.swift; path = RegisterViewController.swift; sourceTree = "<group>"; };
		C94B85AC1F8EDC6500DF2B34 /* UserViewController.swift */ = {isa = PBXFileReference; lastKnownFileType = sourcecode.swift; path = UserViewController.swift; sourceTree = "<group>"; };
		C94B85AF1F8EE08F00DF2B34 /* Coordinator.swift */ = {isa = PBXFileReference; lastKnownFileType = sourcecode.swift; path = Coordinator.swift; sourceTree = "<group>"; };
		C94B85B11F8EE0D400DF2B34 /* AppCoordinator.swift */ = {isa = PBXFileReference; lastKnownFileType = sourcecode.swift; path = AppCoordinator.swift; sourceTree = "<group>"; };
		C94B85B31F8EE1AA00DF2B34 /* LoginCoordinator.swift */ = {isa = PBXFileReference; lastKnownFileType = sourcecode.swift; path = LoginCoordinator.swift; sourceTree = "<group>"; };
		C94B85B61F8EE30500DF2B34 /* LoginViewModel.swift */ = {isa = PBXFileReference; lastKnownFileType = sourcecode.swift; path = LoginViewModel.swift; sourceTree = "<group>"; };
		C94B85B81F8EE34500DF2B34 /* LoginViewModelTests.swift */ = {isa = PBXFileReference; lastKnownFileType = sourcecode.swift; path = LoginViewModelTests.swift; sourceTree = "<group>"; };
		C94B85BB1F8EE8D800DF2B34 /* UIView+Constraint.swift */ = {isa = PBXFileReference; lastKnownFileType = sourcecode.swift; path = "UIView+Constraint.swift"; sourceTree = "<group>"; };
		C99931091F8F3051002BA6C9 /* RegisterViewModelTests.swift */ = {isa = PBXFileReference; lastKnownFileType = sourcecode.swift; path = RegisterViewModelTests.swift; sourceTree = "<group>"; };
		C999310B1F8F4E70002BA6C9 /* UserCoordinator.swift */ = {isa = PBXFileReference; lastKnownFileType = sourcecode.swift; path = UserCoordinator.swift; sourceTree = "<group>"; };
		C999310D1F8F5330002BA6C9 /* UserViewModel.swift */ = {isa = PBXFileReference; lastKnownFileType = sourcecode.swift; path = UserViewModel.swift; sourceTree = "<group>"; };
		C999310F1F8F537D002BA6C9 /* UserViewModelTests.swift */ = {isa = PBXFileReference; lastKnownFileType = sourcecode.swift; path = UserViewModelTests.swift; sourceTree = "<group>"; };
		C99BD1601F8F5D95001D8110 /* UserDefaults+Subscript.swift */ = {isa = PBXFileReference; lastKnownFileType = sourcecode.swift; path = "UserDefaults+Subscript.swift"; sourceTree = "<group>"; };
		C9A4DE591F8F046A006C6AE6 /* RegisterCoordinator.swift */ = {isa = PBXFileReference; lastKnownFileType = sourcecode.swift; path = RegisterCoordinator.swift; sourceTree = "<group>"; };
		C9A4DE5B1F8F04FD006C6AE6 /* RegisterViewModel.swift */ = {isa = PBXFileReference; lastKnownFileType = sourcecode.swift; path = RegisterViewModel.swift; sourceTree = "<group>"; };
		C9A4DE5D1F8F06BA006C6AE6 /* User.swift */ = {isa = PBXFileReference; lastKnownFileType = sourcecode.swift; path = User.swift; sourceTree = "<group>"; };
		C9A4DE5F1F8F0A50006C6AE6 /* UIApplication+TopViewController.swift */ = {isa = PBXFileReference; lastKnownFileType = sourcecode.swift; path = "UIApplication+TopViewController.swift"; sourceTree = "<group>"; };
		C9B820351F8EF59B00AFA69A /* UIViewController+Keyboard.swift */ = {isa = PBXFileReference; lastKnownFileType = sourcecode.swift; path = "UIViewController+Keyboard.swift"; sourceTree = "<group>"; };
/* End PBXFileReference section */

/* Begin PBXFrameworksBuildPhase section */
		C94B857E1F8EDA6700DF2B34 /* Frameworks */ = {
			isa = PBXFrameworksBuildPhase;
			buildActionMask = 2147483647;
			files = (
			);
			runOnlyForDeploymentPostprocessing = 0;
		};
		C94B85921F8EDA6700DF2B34 /* Frameworks */ = {
			isa = PBXFrameworksBuildPhase;
			buildActionMask = 2147483647;
			files = (
			);
			runOnlyForDeploymentPostprocessing = 0;
		};
/* End PBXFrameworksBuildPhase section */

/* Begin PBXGroup section */
		C94B85781F8EDA6700DF2B34 = {
			isa = PBXGroup;
			children = (
				C94B85831F8EDA6700DF2B34 /* LoginDemo */,
				C94B85981F8EDA6700DF2B34 /* LoginDemoTests */,
				C94B85821F8EDA6700DF2B34 /* Products */,
			);
			sourceTree = "<group>";
		};
		C94B85821F8EDA6700DF2B34 /* Products */ = {
			isa = PBXGroup;
			children = (
				C94B85811F8EDA6700DF2B34 /* LoginDemo.app */,
				C94B85951F8EDA6700DF2B34 /* LoginDemoTests.xctest */,
			);
			name = Products;
			sourceTree = "<group>";
		};
		C94B85831F8EDA6700DF2B34 /* LoginDemo */ = {
			isa = PBXGroup;
			children = (
				C94B85841F8EDA6700DF2B34 /* AppDelegate.swift */,
				C94B85AE1F8EE07A00DF2B34 /* Coordinators */,
				C94B85A41F8EDAC500DF2B34 /* Views */,
				C94B85A51F8EDAD200DF2B34 /* Models */,
				C94B85BA1F8EE86200DF2B34 /* Extensions */,
				C94B85A61F8EDAE800DF2B34 /* Supporting Files */,
				C94B85901F8EDA6700DF2B34 /* Info.plist */,
			);
			path = LoginDemo;
			sourceTree = "<group>";
		};
		C94B85981F8EDA6700DF2B34 /* LoginDemoTests */ = {
			isa = PBXGroup;
			children = (
				C94B85A71F8EDB0800DF2B34 /* ViewModels */,
				C94B859B1F8EDA6700DF2B34 /* Info.plist */,
			);
			path = LoginDemoTests;
			sourceTree = "<group>";
		};
		C94B85A41F8EDAC500DF2B34 /* Views */ = {
			isa = PBXGroup;
			children = (
				C94B85A81F8EDB5F00DF2B34 /* LoginViewController.swift */,
				C94B85AA1F8EDB7C00DF2B34 /* RegisterViewController.swift */,
				C94B85AC1F8EDC6500DF2B34 /* UserViewController.swift */,
				C94B85B51F8EE2F000DF2B34 /* ViewModels */,
			);
			path = Views;
			sourceTree = "<group>";
		};
		C94B85A51F8EDAD200DF2B34 /* Models */ = {
			isa = PBXGroup;
			children = (
				C9A4DE5D1F8F06BA006C6AE6 /* User.swift */,
			);
			path = Models;
			sourceTree = "<group>";
		};
		C94B85A61F8EDAE800DF2B34 /* Supporting Files */ = {
			isa = PBXGroup;
			children = (
				C94B858B1F8EDA6700DF2B34 /* Assets.xcassets */,
				C94B858D1F8EDA6700DF2B34 /* LaunchScreen.storyboard */,
			);
			path = "Supporting Files";
			sourceTree = "<group>";
		};
		C94B85A71F8EDB0800DF2B34 /* ViewModels */ = {
			isa = PBXGroup;
			children = (
				C94B85B81F8EE34500DF2B34 /* LoginViewModelTests.swift */,
				C99931091F8F3051002BA6C9 /* RegisterViewModelTests.swift */,
				C999310F1F8F537D002BA6C9 /* UserViewModelTests.swift */,
			);
			path = ViewModels;
			sourceTree = "<group>";
		};
		C94B85AE1F8EE07A00DF2B34 /* Coordinators */ = {
			isa = PBXGroup;
			children = (
				C94B85AF1F8EE08F00DF2B34 /* Coordinator.swift */,
				C94B85B11F8EE0D400DF2B34 /* AppCoordinator.swift */,
				C94B85B31F8EE1AA00DF2B34 /* LoginCoordinator.swift */,
				C9A4DE591F8F046A006C6AE6 /* RegisterCoordinator.swift */,
				C999310B1F8F4E70002BA6C9 /* UserCoordinator.swift */,
			);
			path = Coordinators;
			sourceTree = "<group>";
		};
		C94B85B51F8EE2F000DF2B34 /* ViewModels */ = {
			isa = PBXGroup;
			children = (
				C94B85B61F8EE30500DF2B34 /* LoginViewModel.swift */,
				C9A4DE5B1F8F04FD006C6AE6 /* RegisterViewModel.swift */,
				C999310D1F8F5330002BA6C9 /* UserViewModel.swift */,
			);
			path = ViewModels;
			sourceTree = "<group>";
		};
		C94B85BA1F8EE86200DF2B34 /* Extensions */ = {
			isa = PBXGroup;
			children = (
				C94B85BB1F8EE8D800DF2B34 /* UIView+Constraint.swift */,
				C9B820351F8EF59B00AFA69A /* UIViewController+Keyboard.swift */,
				C9A4DE5F1F8F0A50006C6AE6 /* UIApplication+TopViewController.swift */,
				C99BD1601F8F5D95001D8110 /* UserDefaults+Subscript.swift */,
			);
			path = Extensions;
			sourceTree = "<group>";
		};
/* End PBXGroup section */

/* Begin PBXNativeTarget section */
		C94B85801F8EDA6700DF2B34 /* LoginDemo */ = {
			isa = PBXNativeTarget;
			buildConfigurationList = C94B859E1F8EDA6700DF2B34 /* Build configuration list for PBXNativeTarget "LoginDemo" */;
			buildPhases = (
				C94B857D1F8EDA6700DF2B34 /* Sources */,
				C94B857E1F8EDA6700DF2B34 /* Frameworks */,
				C94B857F1F8EDA6700DF2B34 /* Resources */,
			);
			buildRules = (
			);
			dependencies = (
			);
			name = LoginDemo;
			productName = LoginDemo;
			productReference = C94B85811F8EDA6700DF2B34 /* LoginDemo.app */;
			productType = "com.apple.product-type.application";
		};
		C94B85941F8EDA6700DF2B34 /* LoginDemoTests */ = {
			isa = PBXNativeTarget;
			buildConfigurationList = C94B85A11F8EDA6700DF2B34 /* Build configuration list for PBXNativeTarget "LoginDemoTests" */;
			buildPhases = (
				C94B85911F8EDA6700DF2B34 /* Sources */,
				C94B85921F8EDA6700DF2B34 /* Frameworks */,
				C94B85931F8EDA6700DF2B34 /* Resources */,
			);
			buildRules = (
			);
			dependencies = (
				C94B85971F8EDA6700DF2B34 /* PBXTargetDependency */,
			);
			name = LoginDemoTests;
			productName = LoginDemoTests;
			productReference = C94B85951F8EDA6700DF2B34 /* LoginDemoTests.xctest */;
			productType = "com.apple.product-type.bundle.unit-test";
		};
/* End PBXNativeTarget section */

/* Begin PBXProject section */
		C94B85791F8EDA6700DF2B34 /* Project object */ = {
			isa = PBXProject;
			attributes = {
				LastSwiftUpdateCheck = 0900;
				LastUpgradeCheck = 0900;
				ORGANIZATIONNAME = TTSY;
				TargetAttributes = {
					C94B85801F8EDA6700DF2B34 = {
						CreatedOnToolsVersion = 9.0;
						ProvisioningStyle = Automatic;
					};
					C94B85941F8EDA6700DF2B34 = {
						CreatedOnToolsVersion = 9.0;
						ProvisioningStyle = Automatic;
						TestTargetID = C94B85801F8EDA6700DF2B34;
					};
				};
			};
			buildConfigurationList = C94B857C1F8EDA6700DF2B34 /* Build configuration list for PBXProject "LoginDemo" */;
			compatibilityVersion = "Xcode 8.0";
			developmentRegion = en;
			hasScannedForEncodings = 0;
			knownRegions = (
				en,
				Base,
			);
			mainGroup = C94B85781F8EDA6700DF2B34;
			productRefGroup = C94B85821F8EDA6700DF2B34 /* Products */;
			projectDirPath = "";
			projectRoot = "";
			targets = (
				C94B85801F8EDA6700DF2B34 /* LoginDemo */,
				C94B85941F8EDA6700DF2B34 /* LoginDemoTests */,
			);
		};
/* End PBXProject section */

/* Begin PBXResourcesBuildPhase section */
		C94B857F1F8EDA6700DF2B34 /* Resources */ = {
			isa = PBXResourcesBuildPhase;
			buildActionMask = 2147483647;
			files = (
				C94B858F1F8EDA6700DF2B34 /* LaunchScreen.storyboard in Resources */,
				C94B858C1F8EDA6700DF2B34 /* Assets.xcassets in Resources */,
			);
			runOnlyForDeploymentPostprocessing = 0;
		};
		C94B85931F8EDA6700DF2B34 /* Resources */ = {
			isa = PBXResourcesBuildPhase;
			buildActionMask = 2147483647;
			files = (
			);
			runOnlyForDeploymentPostprocessing = 0;
		};
/* End PBXResourcesBuildPhase section */

/* Begin PBXSourcesBuildPhase section */
		C94B857D1F8EDA6700DF2B34 /* Sources */ = {
			isa = PBXSourcesBuildPhase;
			buildActionMask = 2147483647;
			files = (
				C9A4DE5E1F8F06BA006C6AE6 /* User.swift in Sources */,
				C94B85B21F8EE0D400DF2B34 /* AppCoordinator.swift in Sources */,
				C94B85AB1F8EDB7C00DF2B34 /* RegisterViewController.swift in Sources */,
				C9A4DE601F8F0A50006C6AE6 /* UIApplication+TopViewController.swift in Sources */,
				C9A4DE5A1F8F046A006C6AE6 /* RegisterCoordinator.swift in Sources */,
				C94B85B41F8EE1AA00DF2B34 /* LoginCoordinator.swift in Sources */,
				C94B85AD1F8EDC6500DF2B34 /* UserViewController.swift in Sources */,
				C99BD1611F8F5D95001D8110 /* UserDefaults+Subscript.swift in Sources */,
				C94B85B71F8EE30500DF2B34 /* LoginViewModel.swift in Sources */,
				C9B820361F8EF59B00AFA69A /* UIViewController+Keyboard.swift in Sources */,
				C999310E1F8F5330002BA6C9 /* UserViewModel.swift in Sources */,
				C999310C1F8F4E70002BA6C9 /* UserCoordinator.swift in Sources */,
				C9A4DE5C1F8F04FD006C6AE6 /* RegisterViewModel.swift in Sources */,
				C94B85B01F8EE08F00DF2B34 /* Coordinator.swift in Sources */,
				C94B85BC1F8EE8D900DF2B34 /* UIView+Constraint.swift in Sources */,
				C94B85A91F8EDB5F00DF2B34 /* LoginViewController.swift in Sources */,
				C94B85851F8EDA6700DF2B34 /* AppDelegate.swift in Sources */,
			);
			runOnlyForDeploymentPostprocessing = 0;
		};
		C94B85911F8EDA6700DF2B34 /* Sources */ = {
			isa = PBXSourcesBuildPhase;
			buildActionMask = 2147483647;
			files = (
				C94B85B91F8EE34500DF2B34 /* LoginViewModelTests.swift in Sources */,
				C99931101F8F537D002BA6C9 /* UserViewModelTests.swift in Sources */,
				C999310A1F8F3051002BA6C9 /* RegisterViewModelTests.swift in Sources */,
			);
			runOnlyForDeploymentPostprocessing = 0;
		};
/* End PBXSourcesBuildPhase section */

/* Begin PBXTargetDependency section */
		C94B85971F8EDA6700DF2B34 /* PBXTargetDependency */ = {
			isa = PBXTargetDependency;
			target = C94B85801F8EDA6700DF2B34 /* LoginDemo */;
			targetProxy = C94B85961F8EDA6700DF2B34 /* PBXContainerItemProxy */;
		};
/* End PBXTargetDependency section */

/* Begin PBXVariantGroup section */
		C94B858D1F8EDA6700DF2B34 /* LaunchScreen.storyboard */ = {
			isa = PBXVariantGroup;
			children = (
				C94B858E1F8EDA6700DF2B34 /* Base */,
			);
			name = LaunchScreen.storyboard;
			sourceTree = "<group>";
		};
/* End PBXVariantGroup section */

/* Begin XCBuildConfiguration section */
		C94B859C1F8EDA6700DF2B34 /* Debug */ = {
			isa = XCBuildConfiguration;
			buildSettings = {
				ALWAYS_SEARCH_USER_PATHS = NO;
				CLANG_ANALYZER_NONNULL = YES;
				CLANG_ANALYZER_NUMBER_OBJECT_CONVERSION = YES_AGGRESSIVE;
				CLANG_CXX_LANGUAGE_STANDARD = "gnu++14";
				CLANG_CXX_LIBRARY = "libc++";
				CLANG_ENABLE_MODULES = YES;
				CLANG_ENABLE_OBJC_ARC = YES;
				CLANG_WARN_BLOCK_CAPTURE_AUTORELEASING = YES;
				CLANG_WARN_BOOL_CONVERSION = YES;
				CLANG_WARN_COMMA = YES;
				CLANG_WARN_CONSTANT_CONVERSION = YES;
				CLANG_WARN_DIRECT_OBJC_ISA_USAGE = YES_ERROR;
				CLANG_WARN_DOCUMENTATION_COMMENTS = YES;
				CLANG_WARN_EMPTY_BODY = YES;
				CLANG_WARN_ENUM_CONVERSION = YES;
				CLANG_WARN_INFINITE_RECURSION = YES;
				CLANG_WARN_INT_CONVERSION = YES;
				CLANG_WARN_NON_LITERAL_NULL_CONVERSION = YES;
				CLANG_WARN_OBJC_LITERAL_CONVERSION = YES;
				CLANG_WARN_OBJC_ROOT_CLASS = YES_ERROR;
				CLANG_WARN_RANGE_LOOP_ANALYSIS = YES;
				CLANG_WARN_STRICT_PROTOTYPES = YES;
				CLANG_WARN_SUSPICIOUS_MOVE = YES;
				CLANG_WARN_UNGUARDED_AVAILABILITY = YES_AGGRESSIVE;
				CLANG_WARN_UNREACHABLE_CODE = YES;
				CLANG_WARN__DUPLICATE_METHOD_MATCH = YES;
				CODE_SIGN_IDENTITY = "iPhone Developer";
				COPY_PHASE_STRIP = NO;
				DEBUG_INFORMATION_FORMAT = dwarf;
				ENABLE_STRICT_OBJC_MSGSEND = YES;
				ENABLE_TESTABILITY = YES;
				GCC_C_LANGUAGE_STANDARD = gnu11;
				GCC_DYNAMIC_NO_PIC = NO;
				GCC_NO_COMMON_BLOCKS = YES;
				GCC_OPTIMIZATION_LEVEL = 0;
				GCC_PREPROCESSOR_DEFINITIONS = (
					"DEBUG=1",
					"$(inherited)",
				);
				GCC_WARN_64_TO_32_BIT_CONVERSION = YES;
				GCC_WARN_ABOUT_RETURN_TYPE = YES_ERROR;
				GCC_WARN_UNDECLARED_SELECTOR = YES;
				GCC_WARN_UNINITIALIZED_AUTOS = YES_AGGRESSIVE;
				GCC_WARN_UNUSED_FUNCTION = YES;
				GCC_WARN_UNUSED_VARIABLE = YES;
				IPHONEOS_DEPLOYMENT_TARGET = 11.0;
				MTL_ENABLE_DEBUG_INFO = YES;
				ONLY_ACTIVE_ARCH = YES;
				SDKROOT = iphoneos;
				SWIFT_ACTIVE_COMPILATION_CONDITIONS = DEBUG;
				SWIFT_OPTIMIZATION_LEVEL = "-Onone";
			};
			name = Debug;
		};
		C94B859D1F8EDA6700DF2B34 /* Release */ = {
			isa = XCBuildConfiguration;
			buildSettings = {
				ALWAYS_SEARCH_USER_PATHS = NO;
				CLANG_ANALYZER_NONNULL = YES;
				CLANG_ANALYZER_NUMBER_OBJECT_CONVERSION = YES_AGGRESSIVE;
				CLANG_CXX_LANGUAGE_STANDARD = "gnu++14";
				CLANG_CXX_LIBRARY = "libc++";
				CLANG_ENABLE_MODULES = YES;
				CLANG_ENABLE_OBJC_ARC = YES;
				CLANG_WARN_BLOCK_CAPTURE_AUTORELEASING = YES;
				CLANG_WARN_BOOL_CONVERSION = YES;
				CLANG_WARN_COMMA = YES;
				CLANG_WARN_CONSTANT_CONVERSION = YES;
				CLANG_WARN_DIRECT_OBJC_ISA_USAGE = YES_ERROR;
				CLANG_WARN_DOCUMENTATION_COMMENTS = YES;
				CLANG_WARN_EMPTY_BODY = YES;
				CLANG_WARN_ENUM_CONVERSION = YES;
				CLANG_WARN_INFINITE_RECURSION = YES;
				CLANG_WARN_INT_CONVERSION = YES;
				CLANG_WARN_NON_LITERAL_NULL_CONVERSION = YES;
				CLANG_WARN_OBJC_LITERAL_CONVERSION = YES;
				CLANG_WARN_OBJC_ROOT_CLASS = YES_ERROR;
				CLANG_WARN_RANGE_LOOP_ANALYSIS = YES;
				CLANG_WARN_STRICT_PROTOTYPES = YES;
				CLANG_WARN_SUSPICIOUS_MOVE = YES;
				CLANG_WARN_UNGUARDED_AVAILABILITY = YES_AGGRESSIVE;
				CLANG_WARN_UNREACHABLE_CODE = YES;
				CLANG_WARN__DUPLICATE_METHOD_MATCH = YES;
				CODE_SIGN_IDENTITY = "iPhone Developer";
				COPY_PHASE_STRIP = NO;
				DEBUG_INFORMATION_FORMAT = "dwarf-with-dsym";
				ENABLE_NS_ASSERTIONS = NO;
				ENABLE_STRICT_OBJC_MSGSEND = YES;
				GCC_C_LANGUAGE_STANDARD = gnu11;
				GCC_NO_COMMON_BLOCKS = YES;
				GCC_WARN_64_TO_32_BIT_CONVERSION = YES;
				GCC_WARN_ABOUT_RETURN_TYPE = YES_ERROR;
				GCC_WARN_UNDECLARED_SELECTOR = YES;
				GCC_WARN_UNINITIALIZED_AUTOS = YES_AGGRESSIVE;
				GCC_WARN_UNUSED_FUNCTION = YES;
				GCC_WARN_UNUSED_VARIABLE = YES;
				IPHONEOS_DEPLOYMENT_TARGET = 11.0;
				MTL_ENABLE_DEBUG_INFO = NO;
				SDKROOT = iphoneos;
				SWIFT_OPTIMIZATION_LEVEL = "-Owholemodule";
				VALIDATE_PRODUCT = YES;
			};
			name = Release;
		};
		C94B859F1F8EDA6700DF2B34 /* Debug */ = {
			isa = XCBuildConfiguration;
			buildSettings = {
				ASSETCATALOG_COMPILER_APPICON_NAME = AppIcon;
				CODE_SIGN_STYLE = Automatic;
				INFOPLIST_FILE = LoginDemo/Info.plist;
				LD_RUNPATH_SEARCH_PATHS = "$(inherited) @executable_path/Frameworks";
				PRODUCT_BUNDLE_IDENTIFIER = com.ttsy.LoginDemo;
				PRODUCT_NAME = "$(TARGET_NAME)";
				SWIFT_VERSION = 4.0;
				TARGETED_DEVICE_FAMILY = "1,2";
			};
			name = Debug;
		};
		C94B85A01F8EDA6700DF2B34 /* Release */ = {
			isa = XCBuildConfiguration;
			buildSettings = {
				ASSETCATALOG_COMPILER_APPICON_NAME = AppIcon;
				CODE_SIGN_STYLE = Automatic;
				INFOPLIST_FILE = LoginDemo/Info.plist;
				LD_RUNPATH_SEARCH_PATHS = "$(inherited) @executable_path/Frameworks";
				PRODUCT_BUNDLE_IDENTIFIER = com.ttsy.LoginDemo;
				PRODUCT_NAME = "$(TARGET_NAME)";
				SWIFT_VERSION = 4.0;
				TARGETED_DEVICE_FAMILY = "1,2";
			};
			name = Release;
		};
		C94B85A21F8EDA6700DF2B34 /* Debug */ = {
			isa = XCBuildConfiguration;
			buildSettings = {
				ALWAYS_EMBED_SWIFT_STANDARD_LIBRARIES = YES;
				BUNDLE_LOADER = "$(TEST_HOST)";
				CODE_SIGN_STYLE = Automatic;
				INFOPLIST_FILE = LoginDemoTests/Info.plist;
				LD_RUNPATH_SEARCH_PATHS = "$(inherited) @executable_path/Frameworks @loader_path/Frameworks";
				PRODUCT_BUNDLE_IDENTIFIER = com.ttsy.LoginDemoTests;
				PRODUCT_NAME = "$(TARGET_NAME)";
				SWIFT_VERSION = 4.0;
				TARGETED_DEVICE_FAMILY = "1,2";
				TEST_HOST = "$(BUILT_PRODUCTS_DIR)/LoginDemo.app/LoginDemo";
			};
			name = Debug;
		};
		C94B85A31F8EDA6700DF2B34 /* Release */ = {
			isa = XCBuildConfiguration;
			buildSettings = {
				ALWAYS_EMBED_SWIFT_STANDARD_LIBRARIES = YES;
				BUNDLE_LOADER = "$(TEST_HOST)";
				CODE_SIGN_STYLE = Automatic;
				INFOPLIST_FILE = LoginDemoTests/Info.plist;
				LD_RUNPATH_SEARCH_PATHS = "$(inherited) @executable_path/Frameworks @loader_path/Frameworks";
				PRODUCT_BUNDLE_IDENTIFIER = com.ttsy.LoginDemoTests;
				PRODUCT_NAME = "$(TARGET_NAME)";
				SWIFT_VERSION = 4.0;
				TARGETED_DEVICE_FAMILY = "1,2";
				TEST_HOST = "$(BUILT_PRODUCTS_DIR)/LoginDemo.app/LoginDemo";
			};
			name = Release;
		};
/* End XCBuildConfiguration section */

/* Begin XCConfigurationList section */
		C94B857C1F8EDA6700DF2B34 /* Build configuration list for PBXProject "LoginDemo" */ = {
			isa = XCConfigurationList;
			buildConfigurations = (
				C94B859C1F8EDA6700DF2B34 /* Debug */,
				C94B859D1F8EDA6700DF2B34 /* Release */,
			);
			defaultConfigurationIsVisible = 0;
			defaultConfigurationName = Release;
		};
		C94B859E1F8EDA6700DF2B34 /* Build configuration list for PBXNativeTarget "LoginDemo" */ = {
			isa = XCConfigurationList;
			buildConfigurations = (
				C94B859F1F8EDA6700DF2B34 /* Debug */,
				C94B85A01F8EDA6700DF2B34 /* Release */,
			);
			defaultConfigurationIsVisible = 0;
			defaultConfigurationName = Release;
		};
		C94B85A11F8EDA6700DF2B34 /* Build configuration list for PBXNativeTarget "LoginDemoTests" */ = {
			isa = XCConfigurationList;
			buildConfigurations = (
				C94B85A21F8EDA6700DF2B34 /* Debug */,
				C94B85A31F8EDA6700DF2B34 /* Release */,
			);
			defaultConfigurationIsVisible = 0;
			defaultConfigurationName = Release;
		};
/* End XCConfigurationList section */
	};
	rootObject = C94B85791F8EDA6700DF2B34 /* Project object */;
}
